// !$*UTF8*$!
{
	archiveVersion = 1;
	classes = {
	};
	objectVersion = 55;
	objects = {

/* Begin PBXBuildFile section */
		D3280DF629018EA300B14501 /* AlterarDadosViewController.swift in Sources */ = {isa = PBXBuildFile; fileRef = D3280DF529018EA300B14501 /* AlterarDadosViewController.swift */; };
		D3280DFA2901D15000B14501 /* EditTableViewController.swift in Sources */ = {isa = PBXBuildFile; fileRef = D3280DF92901D15000B14501 /* EditTableViewController.swift */; };
		D38C91B728F6251000E8A5E8 /* Consult.swift in Sources */ = {isa = PBXBuildFile; fileRef = D38C91B628F6251000E8A5E8 /* Consult.swift */; };
		D38C91BB28F7417C00E8A5E8 /* TipoDentista.swift in Sources */ = {isa = PBXBuildFile; fileRef = D38C91BA28F7417C00E8A5E8 /* TipoDentista.swift */; };
		D38C91BD28F74FCD00E8A5E8 /* Marcar.swift in Sources */ = {isa = PBXBuildFile; fileRef = D38C91BC28F74FCD00E8A5E8 /* Marcar.swift */; };
		D38C91BF28F7548700E8A5E8 /* VisualizarConsultaTableViewController.swift in Sources */ = {isa = PBXBuildFile; fileRef = D38C91BE28F7548700E8A5E8 /* VisualizarConsultaTableViewController.swift */; };
		D3AA0E8728F253B0001BD2DC /* AppDelegate.swift in Sources */ = {isa = PBXBuildFile; fileRef = D3AA0E8628F253B0001BD2DC /* AppDelegate.swift */; };
		D3AA0E8928F253B0001BD2DC /* SceneDelegate.swift in Sources */ = {isa = PBXBuildFile; fileRef = D3AA0E8828F253B0001BD2DC /* SceneDelegate.swift */; };
		D3AA0E8B28F253B0001BD2DC /* ViewController.swift in Sources */ = {isa = PBXBuildFile; fileRef = D3AA0E8A28F253B0001BD2DC /* ViewController.swift */; };
		D3AA0E8E28F253B0001BD2DC /* Main.storyboard in Resources */ = {isa = PBXBuildFile; fileRef = D3AA0E8C28F253B0001BD2DC /* Main.storyboard */; };
		D3AA0E9128F253B0001BD2DC /* App_Final.xcdatamodeld in Sources */ = {isa = PBXBuildFile; fileRef = D3AA0E8F28F253B0001BD2DC /* App_Final.xcdatamodeld */; };
		D3AA0E9328F253B1001BD2DC /* Assets.xcassets in Resources */ = {isa = PBXBuildFile; fileRef = D3AA0E9228F253B1001BD2DC /* Assets.xcassets */; };
		D3AA0E9628F253B1001BD2DC /* LaunchScreen.storyboard in Resources */ = {isa = PBXBuildFile; fileRef = D3AA0E9428F253B1001BD2DC /* LaunchScreen.storyboard */; };
		D3AA0EA128F25619001BD2DC /* DentistTableViewController.swift in Sources */ = {isa = PBXBuildFile; fileRef = D3AA0EA028F25619001BD2DC /* DentistTableViewController.swift */; };
		D3AA0EA328F25730001BD2DC /* Dentist.swift in Sources */ = {isa = PBXBuildFile; fileRef = D3AA0EA228F25730001BD2DC /* Dentist.swift */; };
/* End PBXBuildFile section */

/* Begin PBXFileReference section */
		D3280DF529018EA300B14501 /* AlterarDadosViewController.swift */ = {isa = PBXFileReference; lastKnownFileType = sourcecode.swift; path = AlterarDadosViewController.swift; sourceTree = "<group>"; };
		D3280DF92901D15000B14501 /* EditTableViewController.swift */ = {isa = PBXFileReference; fileEncoding = 4; lastKnownFileType = sourcecode.swift; path = EditTableViewController.swift; sourceTree = "<group>"; };
		D38C91B628F6251000E8A5E8 /* Consult.swift */ = {isa = PBXFileReference; lastKnownFileType = sourcecode.swift; path = Consult.swift; sourceTree = "<group>"; };
		D38C91BA28F7417C00E8A5E8 /* TipoDentista.swift */ = {isa = PBXFileReference; lastKnownFileType = sourcecode.swift; path = TipoDentista.swift; sourceTree = "<group>"; };
		D38C91BC28F74FCD00E8A5E8 /* Marcar.swift */ = {isa = PBXFileReference; lastKnownFileType = sourcecode.swift; path = Marcar.swift; sourceTree = "<group>"; };
		D38C91BE28F7548700E8A5E8 /* VisualizarConsultaTableViewController.swift */ = {isa = PBXFileReference; lastKnownFileType = sourcecode.swift; path = VisualizarConsultaTableViewController.swift; sourceTree = "<group>"; };
		D3AA0E8328F253B0001BD2DC /* App_Final.app */ = {isa = PBXFileReference; explicitFileType = wrapper.application; includeInIndex = 0; path = App_Final.app; sourceTree = BUILT_PRODUCTS_DIR; };
		D3AA0E8628F253B0001BD2DC /* AppDelegate.swift */ = {isa = PBXFileReference; lastKnownFileType = sourcecode.swift; path = AppDelegate.swift; sourceTree = "<group>"; };
		D3AA0E8828F253B0001BD2DC /* SceneDelegate.swift */ = {isa = PBXFileReference; lastKnownFileType = sourcecode.swift; path = SceneDelegate.swift; sourceTree = "<group>"; };
		D3AA0E8A28F253B0001BD2DC /* ViewController.swift */ = {isa = PBXFileReference; lastKnownFileType = sourcecode.swift; path = ViewController.swift; sourceTree = "<group>"; };
		D3AA0E8D28F253B0001BD2DC /* Base */ = {isa = PBXFileReference; lastKnownFileType = file.storyboard; name = Base; path = Base.lproj/Main.storyboard; sourceTree = "<group>"; };
		D3AA0E9028F253B0001BD2DC /* App_Final.xcdatamodel */ = {isa = PBXFileReference; lastKnownFileType = wrapper.xcdatamodel; path = App_Final.xcdatamodel; sourceTree = "<group>"; };
		D3AA0E9228F253B1001BD2DC /* Assets.xcassets */ = {isa = PBXFileReference; lastKnownFileType = folder.assetcatalog; path = Assets.xcassets; sourceTree = "<group>"; };
		D3AA0E9528F253B1001BD2DC /* Base */ = {isa = PBXFileReference; lastKnownFileType = file.storyboard; name = Base; path = Base.lproj/LaunchScreen.storyboard; sourceTree = "<group>"; };
		D3AA0E9728F253B1001BD2DC /* Info.plist */ = {isa = PBXFileReference; lastKnownFileType = text.plist.xml; path = Info.plist; sourceTree = "<group>"; };
		D3AA0EA028F25619001BD2DC /* DentistTableViewController.swift */ = {isa = PBXFileReference; lastKnownFileType = sourcecode.swift; path = DentistTableViewController.swift; sourceTree = "<group>"; };
		D3AA0EA228F25730001BD2DC /* Dentist.swift */ = {isa = PBXFileReference; lastKnownFileType = sourcecode.swift; path = Dentist.swift; sourceTree = "<group>"; };
/* End PBXFileReference section */

/* Begin PBXFrameworksBuildPhase section */
		D3AA0E8028F253B0001BD2DC /* Frameworks */ = {
			isa = PBXFrameworksBuildPhase;
			buildActionMask = 2147483647;
			files = (
			);
			runOnlyForDeploymentPostprocessing = 0;
		};
/* End PBXFrameworksBuildPhase section */

/* Begin PBXGroup section */
		D3AA0E7A28F253B0001BD2DC = {
			isa = PBXGroup;
			children = (
				D3AA0E8528F253B0001BD2DC /* App_Final */,
				D3AA0E8428F253B0001BD2DC /* Products */,
			);
			sourceTree = "<group>";
		};
		D3AA0E8428F253B0001BD2DC /* Products */ = {
			isa = PBXGroup;
			children = (
				D3AA0E8328F253B0001BD2DC /* App_Final.app */,
			);
			name = Products;
			sourceTree = "<group>";
		};
		D3AA0E8528F253B0001BD2DC /* App_Final */ = {
			isa = PBXGroup;
			children = (
				D3AA0E9F28F253F2001BD2DC /* Controller */,
				D3AA0E9E28F253EC001BD2DC /* View */,
				D3AA0E9D28F253E5001BD2DC /* Model */,
				D3AA0E9728F253B1001BD2DC /* Info.plist */,
			);
			path = App_Final;
			sourceTree = "<group>";
		};
		D3AA0E9D28F253E5001BD2DC /* Model */ = {
			isa = PBXGroup;
			children = (
				D3AA0E8F28F253B0001BD2DC /* App_Final.xcdatamodeld */,
				D3AA0EA228F25730001BD2DC /* Dentist.swift */,
				D38C91BA28F7417C00E8A5E8 /* TipoDentista.swift */,
				D38C91B628F6251000E8A5E8 /* Consult.swift */,
				D38C91BC28F74FCD00E8A5E8 /* Marcar.swift */,
			);
			path = Model;
			sourceTree = "<group>";
		};
		D3AA0E9E28F253EC001BD2DC /* View */ = {
			isa = PBXGroup;
			children = (
				D3AA0E8C28F253B0001BD2DC /* Main.storyboard */,
				D3AA0E9228F253B1001BD2DC /* Assets.xcassets */,
				D3AA0E9428F253B1001BD2DC /* LaunchScreen.storyboard */,
			);
			path = View;
			sourceTree = "<group>";
		};
		D3AA0E9F28F253F2001BD2DC /* Controller */ = {
			isa = PBXGroup;
			children = (
				D3AA0E8628F253B0001BD2DC /* AppDelegate.swift */,
				D3AA0E8828F253B0001BD2DC /* SceneDelegate.swift */,
				D3AA0E8A28F253B0001BD2DC /* ViewController.swift */,
				D3AA0EA028F25619001BD2DC /* DentistTableViewController.swift */,
				D3280DF92901D15000B14501 /* EditTableViewController.swift */,
				D38C91BE28F7548700E8A5E8 /* VisualizarConsultaTableViewController.swift */,
				D3280DF529018EA300B14501 /* AlterarDadosViewController.swift */,
			);
			path = Controller;
			sourceTree = "<group>";
		};
/* End PBXGroup section */

/* Begin PBXNativeTarget section */
		D3AA0E8228F253B0001BD2DC /* App_Final */ = {
			isa = PBXNativeTarget;
			buildConfigurationList = D3AA0E9A28F253B1001BD2DC /* Build configuration list for PBXNativeTarget "App_Final" */;
			buildPhases = (
				D3AA0E7F28F253B0001BD2DC /* Sources */,
				D3AA0E8028F253B0001BD2DC /* Frameworks */,
				D3AA0E8128F253B0001BD2DC /* Resources */,
			);
			buildRules = (
			);
			dependencies = (
			);
			name = App_Final;
			productName = App_Final;
			productReference = D3AA0E8328F253B0001BD2DC /* App_Final.app */;
			productType = "com.apple.product-type.application";
		};
/* End PBXNativeTarget section */

/* Begin PBXProject section */
		D3AA0E7B28F253B0001BD2DC /* Project object */ = {
			isa = PBXProject;
			attributes = {
				BuildIndependentTargetsInParallel = 1;
				LastSwiftUpdateCheck = 1320;
				LastUpgradeCheck = 1320;
				TargetAttributes = {
					D3AA0E8228F253B0001BD2DC = {
						CreatedOnToolsVersion = 13.2.1;
					};
				};
			};
			buildConfigurationList = D3AA0E7E28F253B0001BD2DC /* Build configuration list for PBXProject "App_Final" */;
			compatibilityVersion = "Xcode 13.0";
			developmentRegion = en;
			hasScannedForEncodings = 0;
			knownRegions = (
				en,
				Base,
			);
			mainGroup = D3AA0E7A28F253B0001BD2DC;
			productRefGroup = D3AA0E8428F253B0001BD2DC /* Products */;
			projectDirPath = "";
			projectRoot = "";
			targets = (
				D3AA0E8228F253B0001BD2DC /* App_Final */,
			);
		};
/* End PBXProject section */

/* Begin PBXResourcesBuildPhase section */
		D3AA0E8128F253B0001BD2DC /* Resources */ = {
			isa = PBXResourcesBuildPhase;
			buildActionMask = 2147483647;
			files = (
				D3AA0E9628F253B1001BD2DC /* LaunchScreen.storyboard in Resources */,
				D3AA0E9328F253B1001BD2DC /* Assets.xcassets in Resources */,
				D3AA0E8E28F253B0001BD2DC /* Main.storyboard in Resources */,
			);
			runOnlyForDeploymentPostprocessing = 0;
		};
/* End PBXResourcesBuildPhase section */

/* Begin PBXSourcesBuildPhase section */
		D3AA0E7F28F253B0001BD2DC /* Sources */ = {
			isa = PBXSourcesBuildPhase;
			buildActionMask = 2147483647;
			files = (
				D38C91BF28F7548700E8A5E8 /* VisualizarConsultaTableViewController.swift in Sources */,
				D3280DFA2901D15000B14501 /* EditTableViewController.swift in Sources */,
				D3AA0E9128F253B0001BD2DC /* App_Final.xcdatamodeld in Sources */,
				D3AA0EA328F25730001BD2DC /* Dentist.swift in Sources */,
				D3AA0E8B28F253B0001BD2DC /* ViewController.swift in Sources */,
				D38C91B728F6251000E8A5E8 /* Consult.swift in Sources */,
				D3280DF629018EA300B14501 /* AlterarDadosViewController.swift in Sources */,
				D3AA0E8728F253B0001BD2DC /* AppDelegate.swift in Sources */,
				D38C91BB28F7417C00E8A5E8 /* TipoDentista.swift in Sources */,
				D3AA0E8928F253B0001BD2DC /* SceneDelegate.swift in Sources */,
				D3AA0EA128F25619001BD2DC /* DentistTableViewController.swift in Sources */,
				D38C91BD28F74FCD00E8A5E8 /* Marcar.swift in Sources */,
			);
			runOnlyForDeploymentPostprocessing = 0;
		};
/* End PBXSourcesBuildPhase section */

/* Begin PBXVariantGroup section */
		D3AA0E8C28F253B0001BD2DC /* Main.storyboard */ = {
			isa = PBXVariantGroup;
			children = (
				D3AA0E8D28F253B0001BD2DC /* Base */,
			);
			name = Main.storyboard;
			sourceTree = "<group>";
		};
		D3AA0E9428F253B1001BD2DC /* LaunchScreen.storyboard */ = {
			isa = PBXVariantGroup;
			children = (
				D3AA0E9528F253B1001BD2DC /* Base */,
			);
			name = LaunchScreen.storyboard;
			sourceTree = "<group>";
		};
/* End PBXVariantGroup section */

/* Begin XCBuildConfiguration section */
		D3AA0E9828F253B1001BD2DC /* Debug */ = {
			isa = XCBuildConfiguration;
			buildSettings = {
				ALWAYS_SEARCH_USER_PATHS = NO;
				CLANG_ANALYZER_NONNULL = YES;
				CLANG_ANALYZER_NUMBER_OBJECT_CONVERSION = YES_AGGRESSIVE;
				CLANG_CXX_LANGUAGE_STANDARD = "gnu++17";
				CLANG_CXX_LIBRARY = "libc++";
				CLANG_ENABLE_MODULES = YES;
				CLANG_ENABLE_OBJC_ARC = YES;
				CLANG_ENABLE_OBJC_WEAK = YES;
				CLANG_WARN_BLOCK_CAPTURE_AUTORELEASING = YES;
				CLANG_WARN_BOOL_CONVERSION = YES;
				CLANG_WARN_COMMA = YES;
				CLANG_WARN_CONSTANT_CONVERSION = YES;
				CLANG_WARN_DEPRECATED_OBJC_IMPLEMENTATIONS = YES;
				CLANG_WARN_DIRECT_OBJC_ISA_USAGE = YES_ERROR;
				CLANG_WARN_DOCUMENTATION_COMMENTS = YES;
				CLANG_WARN_EMPTY_BODY = YES;
				CLANG_WARN_ENUM_CONVERSION = YES;
				CLANG_WARN_INFINITE_RECURSION = YES;
				CLANG_WARN_INT_CONVERSION = YES;
				CLANG_WARN_NON_LITERAL_NULL_CONVERSION = YES;
				CLANG_WARN_OBJC_IMPLICIT_RETAIN_SELF = YES;
				CLANG_WARN_OBJC_LITERAL_CONVERSION = YES;
				CLANG_WARN_OBJC_ROOT_CLASS = YES_ERROR;
				CLANG_WARN_QUOTED_INCLUDE_IN_FRAMEWORK_HEADER = YES;
				CLANG_WARN_RANGE_LOOP_ANALYSIS = YES;
				CLANG_WARN_STRICT_PROTOTYPES = YES;
				CLANG_WARN_SUSPICIOUS_MOVE = YES;
				CLANG_WARN_UNGUARDED_AVAILABILITY = YES_AGGRESSIVE;
				CLANG_WARN_UNREACHABLE_CODE = YES;
				CLANG_WARN__DUPLICATE_METHOD_MATCH = YES;
				COPY_PHASE_STRIP = NO;
				DEBUG_INFORMATION_FORMAT = dwarf;
				ENABLE_STRICT_OBJC_MSGSEND = YES;
				ENABLE_TESTABILITY = YES;
				GCC_C_LANGUAGE_STANDARD = gnu11;
				GCC_DYNAMIC_NO_PIC = NO;
				GCC_NO_COMMON_BLOCKS = YES;
				GCC_OPTIMIZATION_LEVEL = 0;
				GCC_PREPROCESSOR_DEFINITIONS = (
					"DEBUG=1",
					"$(inherited)",
				);
				GCC_WARN_64_TO_32_BIT_CONVERSION = YES;
				GCC_WARN_ABOUT_RETURN_TYPE = YES_ERROR;
				GCC_WARN_UNDECLARED_SELECTOR = YES;
				GCC_WARN_UNINITIALIZED_AUTOS = YES_AGGRESSIVE;
				GCC_WARN_UNUSED_FUNCTION = YES;
				GCC_WARN_UNUSED_VARIABLE = YES;
				IPHONEOS_DEPLOYMENT_TARGET = 15.2;
				MTL_ENABLE_DEBUG_INFO = INCLUDE_SOURCE;
				MTL_FAST_MATH = YES;
				ONLY_ACTIVE_ARCH = YES;
				SDKROOT = iphoneos;
				SWIFT_ACTIVE_COMPILATION_CONDITIONS = DEBUG;
				SWIFT_OPTIMIZATION_LEVEL = "-Onone";
			};
			name = Debug;
		};
		D3AA0E9928F253B1001BD2DC /* Release */ = {
			isa = XCBuildConfiguration;
			buildSettings = {
				ALWAYS_SEARCH_USER_PATHS = NO;
				CLANG_ANALYZER_NONNULL = YES;
				CLANG_ANALYZER_NUMBER_OBJECT_CONVERSION = YES_AGGRESSIVE;
				CLANG_CXX_LANGUAGE_STANDARD = "gnu++17";
				CLANG_CXX_LIBRARY = "libc++";
				CLANG_ENABLE_MODULES = YES;
				CLANG_ENABLE_OBJC_ARC = YES;
				CLANG_ENABLE_OBJC_WEAK = YES;
				CLANG_WARN_BLOCK_CAPTURE_AUTORELEASING = YES;
				CLANG_WARN_BOOL_CONVERSION = YES;
				CLANG_WARN_COMMA = YES;
				CLANG_WARN_CONSTANT_CONVERSION = YES;
				CLANG_WARN_DEPRECATED_OBJC_IMPLEMENTATIONS = YES;
				CLANG_WARN_DIRECT_OBJC_ISA_USAGE = YES_ERROR;
				CLANG_WARN_DOCUMENTATION_COMMENTS = YES;
				CLANG_WARN_EMPTY_BODY = YES;
				CLANG_WARN_ENUM_CONVERSION = YES;
				CLANG_WARN_INFINITE_RECURSION = YES;
				CLANG_WARN_INT_CONVERSION = YES;
				CLANG_WARN_NON_LITERAL_NULL_CONVERSION = YES;
				CLANG_WARN_OBJC_IMPLICIT_RETAIN_SELF = YES;
				CLANG_WARN_OBJC_LITERAL_CONVERSION = YES;
				CLANG_WARN_OBJC_ROOT_CLASS = YES_ERROR;
				CLANG_WARN_QUOTED_INCLUDE_IN_FRAMEWORK_HEADER = YES;
				CLANG_WARN_RANGE_LOOP_ANALYSIS = YES;
				CLANG_WARN_STRICT_PROTOTYPES = YES;
				CLANG_WARN_SUSPICIOUS_MOVE = YES;
				CLANG_WARN_UNGUARDED_AVAILABILITY = YES_AGGRESSIVE;
				CLANG_WARN_UNREACHABLE_CODE = YES;
				CLANG_WARN__DUPLICATE_METHOD_MATCH = YES;
				COPY_PHASE_STRIP = NO;
				DEBUG_INFORMATION_FORMAT = "dwarf-with-dsym";
				ENABLE_NS_ASSERTIONS = NO;
				ENABLE_STRICT_OBJC_MSGSEND = YES;
				GCC_C_LANGUAGE_STANDARD = gnu11;
				GCC_NO_COMMON_BLOCKS = YES;
				GCC_WARN_64_TO_32_BIT_CONVERSION = YES;
				GCC_WARN_ABOUT_RETURN_TYPE = YES_ERROR;
				GCC_WARN_UNDECLARED_SELECTOR = YES;
				GCC_WARN_UNINITIALIZED_AUTOS = YES_AGGRESSIVE;
				GCC_WARN_UNUSED_FUNCTION = YES;
				GCC_WARN_UNUSED_VARIABLE = YES;
				IPHONEOS_DEPLOYMENT_TARGET = 15.2;
				MTL_ENABLE_DEBUG_INFO = NO;
				MTL_FAST_MATH = YES;
				SDKROOT = iphoneos;
				SWIFT_COMPILATION_MODE = wholemodule;
				SWIFT_OPTIMIZATION_LEVEL = "-O";
				VALIDATE_PRODUCT = YES;
			};
			name = Release;
		};
		D3AA0E9B28F253B1001BD2DC /* Debug */ = {
			isa = XCBuildConfiguration;
			buildSettings = {
				ASSETCATALOG_COMPILER_APPICON_NAME = AppIcon;
				ASSETCATALOG_COMPILER_GLOBAL_ACCENT_COLOR_NAME = AccentColor;
				CODE_SIGN_STYLE = Automatic;
				CURRENT_PROJECT_VERSION = 1;
				GENERATE_INFOPLIST_FILE = YES;
				INFOPLIST_FILE = App_Final/Info.plist;
				INFOPLIST_KEY_UIApplicationSupportsIndirectInputEvents = YES;
				INFOPLIST_KEY_UILaunchStoryboardName = LaunchScreen;
				INFOPLIST_KEY_UIMainStoryboardFile = Main;
				INFOPLIST_KEY_UISupportedInterfaceOrientations_iPad = "UIInterfaceOrientationPortrait UIInterfaceOrientationPortraitUpsideDown UIInterfaceOrientationLandscapeLeft UIInterfaceOrientationLandscapeRight";
				INFOPLIST_KEY_UISupportedInterfaceOrientations_iPhone = "UIInterfaceOrientationPortrait UIInterfaceOrientationLandscapeLeft UIInterfaceOrientationLandscapeRight";
				LD_RUNPATH_SEARCH_PATHS = (
					"$(inherited)",
					"@executable_path/Frameworks",
				);
				MARKETING_VERSION = 1.0;
				PRODUCT_BUNDLE_IDENTIFIER = "br.edu.pucpr.raisonrobert.App-Final";
				PRODUCT_NAME = "$(TARGET_NAME)";
				SWIFT_EMIT_LOC_STRINGS = YES;
				SWIFT_VERSION = 5.0;
				TARGETED_DEVICE_FAMILY = "1,2";
			};
			name = Debug;
		};
		D3AA0E9C28F253B1001BD2DC /* Release */ = {
			isa = XCBuildConfiguration;
			buildSettings = {
				ASSETCATALOG_COMPILER_APPICON_NAME = AppIcon;
				ASSETCATALOG_COMPILER_GLOBAL_ACCENT_COLOR_NAME = AccentColor;
				CODE_SIGN_STYLE = Automatic;
				CURRENT_PROJECT_VERSION = 1;
				GENERATE_INFOPLIST_FILE = YES;
				INFOPLIST_FILE = App_Final/Info.plist;
				INFOPLIST_KEY_UIApplicationSupportsIndirectInputEvents = YES;
				INFOPLIST_KEY_UILaunchStoryboardName = LaunchScreen;
				INFOPLIST_KEY_UIMainStoryboardFile = Main;
				INFOPLIST_KEY_UISupportedInterfaceOrientations_iPad = "UIInterfaceOrientationPortrait UIInterfaceOrientationPortraitUpsideDown UIInterfaceOrientationLandscapeLeft UIInterfaceOrientationLandscapeRight";
				INFOPLIST_KEY_UISupportedInterfaceOrientations_iPhone = "UIInterfaceOrientationPortrait UIInterfaceOrientationLandscapeLeft UIInterfaceOrientationLandscapeRight";
				LD_RUNPATH_SEARCH_PATHS = (
					"$(inherited)",
					"@executable_path/Frameworks",
				);
				MARKETING_VERSION = 1.0;
				PRODUCT_BUNDLE_IDENTIFIER = "br.edu.pucpr.raisonrobert.App-Final";
				PRODUCT_NAME = "$(TARGET_NAME)";
				SWIFT_EMIT_LOC_STRINGS = YES;
				SWIFT_VERSION = 5.0;
				TARGETED_DEVICE_FAMILY = "1,2";
			};
			name = Release;
		};
/* End XCBuildConfiguration section */

/* Begin XCConfigurationList section */
		D3AA0E7E28F253B0001BD2DC /* Build configuration list for PBXProject "App_Final" */ = {
			isa = XCConfigurationList;
			buildConfigurations = (
				D3AA0E9828F253B1001BD2DC /* Debug */,
				D3AA0E9928F253B1001BD2DC /* Release */,
			);
			defaultConfigurationIsVisible = 0;
			defaultConfigurationName = Release;
		};
		D3AA0E9A28F253B1001BD2DC /* Build configuration list for PBXNativeTarget "App_Final" */ = {
			isa = XCConfigurationList;
			buildConfigurations = (
				D3AA0E9B28F253B1001BD2DC /* Debug */,
				D3AA0E9C28F253B1001BD2DC /* Release */,
			);
			defaultConfigurationIsVisible = 0;
			defaultConfigurationName = Release;
		};
/* End XCConfigurationList section */

/* Begin XCVersionGroup section */
		D3AA0E8F28F253B0001BD2DC /* App_Final.xcdatamodeld */ = {
			isa = XCVersionGroup;
			children = (
				D3AA0E9028F253B0001BD2DC /* App_Final.xcdatamodel */,
			);
			currentVersion = D3AA0E9028F253B0001BD2DC /* App_Final.xcdatamodel */;
			path = App_Final.xcdatamodeld;
			sourceTree = "<group>";
			versionGroupType = wrapper.xcdatamodel;
		};
/* End XCVersionGroup section */
	};
	rootObject = D3AA0E7B28F253B0001BD2DC /* Project object */;
}
